// !$*UTF8*$!
{
	archiveVersion = 1;
	classes = {
	};
	objectVersion = 55;
	objects = {

/* Begin PBXBuildFile section */
		163640A127F2432600192B97 /* TextFields.swift in Sources */ = {isa = PBXBuildFile; fileRef = 163640A027F2432600192B97 /* TextFields.swift */; };
		163640A327F284A300192B97 /* Dividers.swift in Sources */ = {isa = PBXBuildFile; fileRef = 163640A227F284A200192B97 /* Dividers.swift */; };
		163640A527F28AA400192B97 /* HStackVStackSpacer.swift in Sources */ = {isa = PBXBuildFile; fileRef = 163640A427F28AA400192B97 /* HStackVStackSpacer.swift */; };
		163640A727F28FAC00192B97 /* reto.swift in Sources */ = {isa = PBXBuildFile; fileRef = 163640A627F28FAC00192B97 /* reto.swift */; };
		163640A927F297E200192B97 /* ZStackPadding.swift in Sources */ = {isa = PBXBuildFile; fileRef = 163640A827F297E200192B97 /* ZStackPadding.swift */; };
		1652AC8727EBB50000E877FA /* SwiftUIBasics.swift in Sources */ = {isa = PBXBuildFile; fileRef = 1652AC8627EBB50000E877FA /* SwiftUIBasics.swift */; };
		1652AC8927EBB50000E877FA /* ContentView.swift in Sources */ = {isa = PBXBuildFile; fileRef = 1652AC8827EBB50000E877FA /* ContentView.swift */; };
		1652AC8B27EBB50400E877FA /* Assets.xcassets in Resources */ = {isa = PBXBuildFile; fileRef = 1652AC8A27EBB50400E877FA /* Assets.xcassets */; };
		1652AC8E27EBB50400E877FA /* Preview Assets.xcassets in Resources */ = {isa = PBXBuildFile; fileRef = 1652AC8D27EBB50400E877FA /* Preview Assets.xcassets */; };
		1657C58727EE9DC8006CFB06 /* Images.swift in Sources */ = {isa = PBXBuildFile; fileRef = 1657C58627EE9DC7006CFB06 /* Images.swift */; };
		1663AE8827F379AB00E4FE37 /* TabViews.swift in Sources */ = {isa = PBXBuildFile; fileRef = 1663AE8727F379AB00E4FE37 /* TabViews.swift */; };
		1663AE8A27F37D1B00E4FE37 /* Navigations.swift in Sources */ = {isa = PBXBuildFile; fileRef = 1663AE8927F37D1B00E4FE37 /* Navigations.swift */; };
		16CD1C9227F4C5A3006B632D /* Player.swift in Sources */ = {isa = PBXBuildFile; fileRef = 16CD1C9127F4C5A3006B632D /* Player.swift */; };
		16D603F627EE4B1E006C0D7E /* TextMod.swift in Sources */ = {isa = PBXBuildFile; fileRef = 16D603F527EE4B1E006C0D7E /* TextMod.swift */; };
		16D603F827EE53E4006C0D7E /* Buttons.swift in Sources */ = {isa = PBXBuildFile; fileRef = 16D603F727EE53E4006C0D7E /* Buttons.swift */; };
/* End PBXBuildFile section */

/* Begin PBXFileReference section */
		163640A027F2432600192B97 /* TextFields.swift */ = {isa = PBXFileReference; lastKnownFileType = sourcecode.swift; path = TextFields.swift; sourceTree = "<group>"; };
		163640A227F284A200192B97 /* Dividers.swift */ = {isa = PBXFileReference; lastKnownFileType = sourcecode.swift; path = Dividers.swift; sourceTree = "<group>"; };
		163640A427F28AA400192B97 /* HStackVStackSpacer.swift */ = {isa = PBXFileReference; lastKnownFileType = sourcecode.swift; path = HStackVStackSpacer.swift; sourceTree = "<group>"; };
		163640A627F28FAC00192B97 /* reto.swift */ = {isa = PBXFileReference; lastKnownFileType = sourcecode.swift; path = reto.swift; sourceTree = "<group>"; };
		163640A827F297E200192B97 /* ZStackPadding.swift */ = {isa = PBXFileReference; lastKnownFileType = sourcecode.swift; path = ZStackPadding.swift; sourceTree = "<group>"; };
		1652AC8327EBB50000E877FA /* SwiftUIBasics.app */ = {isa = PBXFileReference; explicitFileType = wrapper.application; includeInIndex = 0; path = SwiftUIBasics.app; sourceTree = BUILT_PRODUCTS_DIR; };
		1652AC8627EBB50000E877FA /* SwiftUIBasics.swift */ = {isa = PBXFileReference; lastKnownFileType = sourcecode.swift; path = SwiftUIBasics.swift; sourceTree = "<group>"; };
		1652AC8827EBB50000E877FA /* ContentView.swift */ = {isa = PBXFileReference; lastKnownFileType = sourcecode.swift; path = ContentView.swift; sourceTree = "<group>"; };
		1652AC8A27EBB50400E877FA /* Assets.xcassets */ = {isa = PBXFileReference; lastKnownFileType = folder.assetcatalog; path = Assets.xcassets; sourceTree = "<group>"; };
		1652AC8D27EBB50400E877FA /* Preview Assets.xcassets */ = {isa = PBXFileReference; lastKnownFileType = folder.assetcatalog; path = "Preview Assets.xcassets"; sourceTree = "<group>"; };
		1657C58627EE9DC7006CFB06 /* Images.swift */ = {isa = PBXFileReference; lastKnownFileType = sourcecode.swift; path = Images.swift; sourceTree = "<group>"; };
		1663AE8727F379AB00E4FE37 /* TabViews.swift */ = {isa = PBXFileReference; lastKnownFileType = sourcecode.swift; path = TabViews.swift; sourceTree = "<group>"; };
		1663AE8927F37D1B00E4FE37 /* Navigations.swift */ = {isa = PBXFileReference; lastKnownFileType = sourcecode.swift; path = Navigations.swift; sourceTree = "<group>"; };
		16CD1C9127F4C5A3006B632D /* Player.swift */ = {isa = PBXFileReference; lastKnownFileType = sourcecode.swift; path = Player.swift; sourceTree = "<group>"; };
		16D603F527EE4B1E006C0D7E /* TextMod.swift */ = {isa = PBXFileReference; lastKnownFileType = sourcecode.swift; path = TextMod.swift; sourceTree = "<group>"; };
		16D603F727EE53E4006C0D7E /* Buttons.swift */ = {isa = PBXFileReference; lastKnownFileType = sourcecode.swift; path = Buttons.swift; sourceTree = "<group>"; };
/* End PBXFileReference section */

/* Begin PBXFrameworksBuildPhase section */
		1652AC8027EBB50000E877FA /* Frameworks */ = {
			isa = PBXFrameworksBuildPhase;
			buildActionMask = 2147483647;
			files = (
			);
			runOnlyForDeploymentPostprocessing = 0;
		};
/* End PBXFrameworksBuildPhase section */

/* Begin PBXGroup section */
		1652AC7A27EBB50000E877FA = {
			isa = PBXGroup;
			children = (
				1652AC8527EBB50000E877FA /* SwiftUIBasics */,
				1652AC8427EBB50000E877FA /* Products */,
			);
			sourceTree = "<group>";
		};
		1652AC8427EBB50000E877FA /* Products */ = {
			isa = PBXGroup;
			children = (
				1652AC8327EBB50000E877FA /* SwiftUIBasics.app */,
			);
			name = Products;
			sourceTree = "<group>";
		};
		1652AC8527EBB50000E877FA /* SwiftUIBasics */ = {
			isa = PBXGroup;
			children = (
				1652AC8627EBB50000E877FA /* SwiftUIBasics.swift */,
				1652AC8827EBB50000E877FA /* ContentView.swift */,
				16D603F527EE4B1E006C0D7E /* TextMod.swift */,
				16D603F727EE53E4006C0D7E /* Buttons.swift */,
				1657C58627EE9DC7006CFB06 /* Images.swift */,
				163640A027F2432600192B97 /* TextFields.swift */,
				163640A227F284A200192B97 /* Dividers.swift */,
				163640A427F28AA400192B97 /* HStackVStackSpacer.swift */,
				163640A627F28FAC00192B97 /* reto.swift */,
				163640A827F297E200192B97 /* ZStackPadding.swift */,
				1663AE8727F379AB00E4FE37 /* TabViews.swift */,
				1663AE8927F37D1B00E4FE37 /* Navigations.swift */,
				16CD1C9127F4C5A3006B632D /* Player.swift */,
				1652AC8C27EBB50400E877FA /* Preview Content */,
				1652AC8A27EBB50400E877FA /* Assets.xcassets */,
			);
			path = SwiftUIBasics;
			sourceTree = "<group>";
		};
		1652AC8C27EBB50400E877FA /* Preview Content */ = {
			isa = PBXGroup;
			children = (
				1652AC8D27EBB50400E877FA /* Preview Assets.xcassets */,
			);
			path = "Preview Content";
			sourceTree = "<group>";
		};
/* End PBXGroup section */

/* Begin PBXNativeTarget section */
		1652AC8227EBB50000E877FA /* SwiftUIBasics */ = {
			isa = PBXNativeTarget;
			buildConfigurationList = 1652AC9127EBB50400E877FA /* Build configuration list for PBXNativeTarget "SwiftUIBasics" */;
			buildPhases = (
				1652AC7F27EBB50000E877FA /* Sources */,
				1652AC8027EBB50000E877FA /* Frameworks */,
				1652AC8127EBB50000E877FA /* Resources */,
			);
			buildRules = (
			);
			dependencies = (
			);
			name = SwiftUIBasics;
			productName = GamesSocialNetwork;
			productReference = 1652AC8327EBB50000E877FA /* SwiftUIBasics.app */;
			productType = "com.apple.product-type.application";
		};
/* End PBXNativeTarget section */

/* Begin PBXProject section */
		1652AC7B27EBB50000E877FA /* Project object */ = {
			isa = PBXProject;
			attributes = {
				BuildIndependentTargetsInParallel = 1;
				LastSwiftUpdateCheck = 1330;
				LastUpgradeCheck = 1330;
				TargetAttributes = {
					1652AC8227EBB50000E877FA = {
						CreatedOnToolsVersion = 13.3;
					};
				};
			};
			buildConfigurationList = 1652AC7E27EBB50000E877FA /* Build configuration list for PBXProject "SwiftUIBasics" */;
			compatibilityVersion = "Xcode 13.0";
			developmentRegion = en;
			hasScannedForEncodings = 0;
			knownRegions = (
				en,
				Base,
			);
			mainGroup = 1652AC7A27EBB50000E877FA;
			productRefGroup = 1652AC8427EBB50000E877FA /* Products */;
			projectDirPath = "";
			projectRoot = "";
			targets = (
				1652AC8227EBB50000E877FA /* SwiftUIBasics */,
			);
		};
/* End PBXProject section */

/* Begin PBXResourcesBuildPhase section */
		1652AC8127EBB50000E877FA /* Resources */ = {
			isa = PBXResourcesBuildPhase;
			buildActionMask = 2147483647;
			files = (
				1652AC8E27EBB50400E877FA /* Preview Assets.xcassets in Resources */,
				1652AC8B27EBB50400E877FA /* Assets.xcassets in Resources */,
			);
			runOnlyForDeploymentPostprocessing = 0;
		};
/* End PBXResourcesBuildPhase section */

/* Begin PBXSourcesBuildPhase section */
		1652AC7F27EBB50000E877FA /* Sources */ = {
			isa = PBXSourcesBuildPhase;
			buildActionMask = 2147483647;
			files = (
				1652AC8927EBB50000E877FA /* ContentView.swift in Sources */,
				1663AE8827F379AB00E4FE37 /* TabViews.swift in Sources */,
				163640A327F284A300192B97 /* Dividers.swift in Sources */,
				1652AC8727EBB50000E877FA /* SwiftUIBasics.swift in Sources */,
				163640A727F28FAC00192B97 /* reto.swift in Sources */,
				16CD1C9227F4C5A3006B632D /* Player.swift in Sources */,
				163640A527F28AA400192B97 /* HStackVStackSpacer.swift in Sources */,
				1657C58727EE9DC8006CFB06 /* Images.swift in Sources */,
				1663AE8A27F37D1B00E4FE37 /* Navigations.swift in Sources */,
				16D603F627EE4B1E006C0D7E /* TextMod.swift in Sources */,
				16D603F827EE53E4006C0D7E /* Buttons.swift in Sources */,
				163640A127F2432600192B97 /* TextFields.swift in Sources */,
				163640A927F297E200192B97 /* ZStackPadding.swift in Sources */,
			);
			runOnlyForDeploymentPostprocessing = 0;
		};
/* End PBXSourcesBuildPhase section */

/* Begin XCBuildConfiguration section */
		1652AC8F27EBB50400E877FA /* Debug */ = {
			isa = XCBuildConfiguration;
			buildSettings = {
				ALWAYS_SEARCH_USER_PATHS = NO;
				CLANG_ANALYZER_NONNULL = YES;
				CLANG_ANALYZER_NUMBER_OBJECT_CONVERSION = YES_AGGRESSIVE;
				CLANG_CXX_LANGUAGE_STANDARD = "gnu++17";
				CLANG_ENABLE_MODULES = YES;
				CLANG_ENABLE_OBJC_ARC = YES;
				CLANG_ENABLE_OBJC_WEAK = YES;
				CLANG_WARN_BLOCK_CAPTURE_AUTORELEASING = YES;
				CLANG_WARN_BOOL_CONVERSION = YES;
				CLANG_WARN_COMMA = YES;
				CLANG_WARN_CONSTANT_CONVERSION = YES;
				CLANG_WARN_DEPRECATED_OBJC_IMPLEMENTATIONS = YES;
				CLANG_WARN_DIRECT_OBJC_ISA_USAGE = YES_ERROR;
				CLANG_WARN_DOCUMENTATION_COMMENTS = YES;
				CLANG_WARN_EMPTY_BODY = YES;
				CLANG_WARN_ENUM_CONVERSION = YES;
				CLANG_WARN_INFINITE_RECURSION = YES;
				CLANG_WARN_INT_CONVERSION = YES;
				CLANG_WARN_NON_LITERAL_NULL_CONVERSION = YES;
				CLANG_WARN_OBJC_IMPLICIT_RETAIN_SELF = YES;
				CLANG_WARN_OBJC_LITERAL_CONVERSION = YES;
				CLANG_WARN_OBJC_ROOT_CLASS = YES_ERROR;
				CLANG_WARN_QUOTED_INCLUDE_IN_FRAMEWORK_HEADER = YES;
				CLANG_WARN_RANGE_LOOP_ANALYSIS = YES;
				CLANG_WARN_STRICT_PROTOTYPES = YES;
				CLANG_WARN_SUSPICIOUS_MOVE = YES;
				CLANG_WARN_UNGUARDED_AVAILABILITY = YES_AGGRESSIVE;
				CLANG_WARN_UNREACHABLE_CODE = YES;
				CLANG_WARN__DUPLICATE_METHOD_MATCH = YES;
				COPY_PHASE_STRIP = NO;
				DEBUG_INFORMATION_FORMAT = dwarf;
				ENABLE_STRICT_OBJC_MSGSEND = YES;
				ENABLE_TESTABILITY = YES;
				GCC_C_LANGUAGE_STANDARD = gnu11;
				GCC_DYNAMIC_NO_PIC = NO;
				GCC_NO_COMMON_BLOCKS = YES;
				GCC_OPTIMIZATION_LEVEL = 0;
				GCC_PREPROCESSOR_DEFINITIONS = (
					"DEBUG=1",
					"$(inherited)",
				);
				GCC_WARN_64_TO_32_BIT_CONVERSION = YES;
				GCC_WARN_ABOUT_RETURN_TYPE = YES_ERROR;
				GCC_WARN_UNDECLARED_SELECTOR = YES;
				GCC_WARN_UNINITIALIZED_AUTOS = YES_AGGRESSIVE;
				GCC_WARN_UNUSED_FUNCTION = YES;
				GCC_WARN_UNUSED_VARIABLE = YES;
				IPHONEOS_DEPLOYMENT_TARGET = 15.4;
				MTL_ENABLE_DEBUG_INFO = INCLUDE_SOURCE;
				MTL_FAST_MATH = YES;
				ONLY_ACTIVE_ARCH = YES;
				SDKROOT = iphoneos;
				SWIFT_ACTIVE_COMPILATION_CONDITIONS = DEBUG;
				SWIFT_OPTIMIZATION_LEVEL = "-Onone";
			};
			name = Debug;
		};
		1652AC9027EBB50400E877FA /* Release */ = {
			isa = XCBuildConfiguration;
			buildSettings = {
				ALWAYS_SEARCH_USER_PATHS = NO;
				CLANG_ANALYZER_NONNULL = YES;
				CLANG_ANALYZER_NUMBER_OBJECT_CONVERSION = YES_AGGRESSIVE;
				CLANG_CXX_LANGUAGE_STANDARD = "gnu++17";
				CLANG_ENABLE_MODULES = YES;
				CLANG_ENABLE_OBJC_ARC = YES;
				CLANG_ENABLE_OBJC_WEAK = YES;
				CLANG_WARN_BLOCK_CAPTURE_AUTORELEASING = YES;
				CLANG_WARN_BOOL_CONVERSION = YES;
				CLANG_WARN_COMMA = YES;
				CLANG_WARN_CONSTANT_CONVERSION = YES;
				CLANG_WARN_DEPRECATED_OBJC_IMPLEMENTATIONS = YES;
				CLANG_WARN_DIRECT_OBJC_ISA_USAGE = YES_ERROR;
				CLANG_WARN_DOCUMENTATION_COMMENTS = YES;
				CLANG_WARN_EMPTY_BODY = YES;
				CLANG_WARN_ENUM_CONVERSION = YES;
				CLANG_WARN_INFINITE_RECURSION = YES;
				CLANG_WARN_INT_CONVERSION = YES;
				CLANG_WARN_NON_LITERAL_NULL_CONVERSION = YES;
				CLANG_WARN_OBJC_IMPLICIT_RETAIN_SELF = YES;
				CLANG_WARN_OBJC_LITERAL_CONVERSION = YES;
				CLANG_WARN_OBJC_ROOT_CLASS = YES_ERROR;
				CLANG_WARN_QUOTED_INCLUDE_IN_FRAMEWORK_HEADER = YES;
				CLANG_WARN_RANGE_LOOP_ANALYSIS = YES;
				CLANG_WARN_STRICT_PROTOTYPES = YES;
				CLANG_WARN_SUSPICIOUS_MOVE = YES;
				CLANG_WARN_UNGUARDED_AVAILABILITY = YES_AGGRESSIVE;
				CLANG_WARN_UNREACHABLE_CODE = YES;
				CLANG_WARN__DUPLICATE_METHOD_MATCH = YES;
				COPY_PHASE_STRIP = NO;
				DEBUG_INFORMATION_FORMAT = "dwarf-with-dsym";
				ENABLE_NS_ASSERTIONS = NO;
				ENABLE_STRICT_OBJC_MSGSEND = YES;
				GCC_C_LANGUAGE_STANDARD = gnu11;
				GCC_NO_COMMON_BLOCKS = YES;
				GCC_WARN_64_TO_32_BIT_CONVERSION = YES;
				GCC_WARN_ABOUT_RETURN_TYPE = YES_ERROR;
				GCC_WARN_UNDECLARED_SELECTOR = YES;
				GCC_WARN_UNINITIALIZED_AUTOS = YES_AGGRESSIVE;
				GCC_WARN_UNUSED_FUNCTION = YES;
				GCC_WARN_UNUSED_VARIABLE = YES;
				IPHONEOS_DEPLOYMENT_TARGET = 15.4;
				MTL_ENABLE_DEBUG_INFO = NO;
				MTL_FAST_MATH = YES;
				SDKROOT = iphoneos;
				SWIFT_COMPILATION_MODE = wholemodule;
				SWIFT_OPTIMIZATION_LEVEL = "-O";
				VALIDATE_PRODUCT = YES;
			};
			name = Release;
		};
		1652AC9227EBB50400E877FA /* Debug */ = {
			isa = XCBuildConfiguration;
			buildSettings = {
				ASSETCATALOG_COMPILER_APPICON_NAME = AppIcon;
				ASSETCATALOG_COMPILER_GLOBAL_ACCENT_COLOR_NAME = AccentColor;
				CODE_SIGN_STYLE = Automatic;
				CURRENT_PROJECT_VERSION = 1;
				DEVELOPMENT_ASSET_PATHS = "\"GamesSocialNetwork/Preview Content\"";
				DEVELOPMENT_TEAM = XKTD88HVHY;
				ENABLE_PREVIEWS = YES;
				GENERATE_INFOPLIST_FILE = YES;
				INFOPLIST_KEY_UIApplicationSceneManifest_Generation = YES;
				INFOPLIST_KEY_UIApplicationSupportsIndirectInputEvents = YES;
				INFOPLIST_KEY_UILaunchScreen_Generation = YES;
				INFOPLIST_KEY_UISupportedInterfaceOrientations_iPad = "UIInterfaceOrientationPortrait UIInterfaceOrientationPortraitUpsideDown UIInterfaceOrientationLandscapeLeft UIInterfaceOrientationLandscapeRight";
				INFOPLIST_KEY_UISupportedInterfaceOrientations_iPhone = "UIInterfaceOrientationPortrait UIInterfaceOrientationLandscapeLeft UIInterfaceOrientationLandscapeRight";
				LD_RUNPATH_SEARCH_PATHS = (
					"$(inherited)",
					"@executable_path/Frameworks",
				);
				MARKETING_VERSION = 1.0;
				PRODUCT_BUNDLE_IDENTIFIER = com.mycompany.SwiftUIBasics;
				PRODUCT_NAME = SwiftUIBasics;
				SWIFT_EMIT_LOC_STRINGS = YES;
				SWIFT_VERSION = 5.0;
				TARGETED_DEVICE_FAMILY = "1,2";
			};
			name = Debug;
		};
		1652AC9327EBB50400E877FA /* Release */ = {
			isa = XCBuildConfiguration;
			buildSettings = {
				ASSETCATALOG_COMPILER_APPICON_NAME = AppIcon;
				ASSETCATALOG_COMPILER_GLOBAL_ACCENT_COLOR_NAME = AccentColor;
				CODE_SIGN_STYLE = Automatic;
				CURRENT_PROJECT_VERSION = 1;
				DEVELOPMENT_ASSET_PATHS = "\"GamesSocialNetwork/Preview Content\"";
				DEVELOPMENT_TEAM = XKTD88HVHY;
				ENABLE_PREVIEWS = YES;
				GENERATE_INFOPLIST_FILE = YES;
				INFOPLIST_KEY_UIApplicationSceneManifest_Generation = YES;
				INFOPLIST_KEY_UIApplicationSupportsIndirectInputEvents = YES;
				INFOPLIST_KEY_UILaunchScreen_Generation = YES;
				INFOPLIST_KEY_UISupportedInterfaceOrientations_iPad = "UIInterfaceOrientationPortrait UIInterfaceOrientationPortraitUpsideDown UIInterfaceOrientationLandscapeLeft UIInterfaceOrientationLandscapeRight";
				INFOPLIST_KEY_UISupportedInterfaceOrientations_iPhone = "UIInterfaceOrientationPortrait UIInterfaceOrientationLandscapeLeft UIInterfaceOrientationLandscapeRight";
				LD_RUNPATH_SEARCH_PATHS = (
					"$(inherited)",
					"@executable_path/Frameworks",
				);
				MARKETING_VERSION = 1.0;
				PRODUCT_BUNDLE_IDENTIFIER = com.mycompany.SwiftUIBasics;
				PRODUCT_NAME = SwiftUIBasics;
				SWIFT_EMIT_LOC_STRINGS = YES;
				SWIFT_VERSION = 5.0;
				TARGETED_DEVICE_FAMILY = "1,2";
			};
			name = Release;
		};
/* End XCBuildConfiguration section */

/* Begin XCConfigurationList section */
		1652AC7E27EBB50000E877FA /* Build configuration list for PBXProject "SwiftUIBasics" */ = {
			isa = XCConfigurationList;
			buildConfigurations = (
				1652AC8F27EBB50400E877FA /* Debug */,
				1652AC9027EBB50400E877FA /* Release */,
			);
			defaultConfigurationIsVisible = 0;
			defaultConfigurationName = Release;
		};
		1652AC9127EBB50400E877FA /* Build configuration list for PBXNativeTarget "SwiftUIBasics" */ = {
			isa = XCConfigurationList;
			buildConfigurations = (
				1652AC9227EBB50400E877FA /* Debug */,
				1652AC9327EBB50400E877FA /* Release */,
			);
			defaultConfigurationIsVisible = 0;
			defaultConfigurationName = Release;
		};
/* End XCConfigurationList section */
	};
	rootObject = 1652AC7B27EBB50000E877FA /* Project object */;
}
